
Microsoft Visual Studio Solution File, Format Version 12.00
# Visual Studio Version 16
VisualStudioVersion = 16.0.28729.10
MinimumVisualStudioVersion = 10.0.40219.1
Project("{2150E333-8FDC-42A3-9474-1A3956D46DE8}") = "Core", "Core", "{914ABF9A-959B-437F-B2C8-37409D5CEA1C}"
EndProject
Project("{2150E333-8FDC-42A3-9474-1A3956D46DE8}") = "CrossCutting", "CrossCutting", "{EF7C0CC1-41FA-4B64-83C2-9E2EBF90F05A}"
EndProject
Project("{2150E333-8FDC-42A3-9474-1A3956D46DE8}") = "Infrastructure", "Infrastructure", "{6F453FF7-B077-4ED7-B076-81D53F5CC0B8}"
EndProject
Project("{2150E333-8FDC-42A3-9474-1A3956D46DE8}") = "Presentation", "Presentation", "{0702D7FB-DDB0-4D99-A750-65681E9B7B3E}"
EndProject
Project("{2150E333-8FDC-42A3-9474-1A3956D46DE8}") = "ServiceUnity", "ServiceUnity", "{F090328D-0D5E-42DC-97B2-3469B0A37D3D}"
EndProject
Project("{2150E333-8FDC-42A3-9474-1A3956D46DE8}") = "Shared", "Shared", "{09562A42-2344-4FFC-99E6-B6903A005037}"
EndProject
Project("{9A19103F-16F7-4668-BE54-9A1E7A4F7556}") = "AdHocs.Core.Component", "Core\AdHocs.Core.Component\AdHocs.Core.Component.csproj", "{82656782-6B1A-46C4-9DF3-E84076D51BBA}"
EndProject
Project("{9A19103F-16F7-4668-BE54-9A1E7A4F7556}") = "AdHocs.Core.Domain", "Core\AdHocs.Core.Domain\AdHocs.Core.Domain.csproj", "{F992345B-593D-44CB-8186-214C67E64630}"
EndProject
Project("{9A19103F-16F7-4668-BE54-9A1E7A4F7556}") = "AdHocs.CrossCutting.Common", "CrossCutting\AdHocs.CrossCutting.Common\AdHocs.CrossCutting.Common.csproj", "{283BC912-062F-4A00-AC21-F5B7DD62A7FE}"
EndProject
Project("{2150E333-8FDC-42A3-9474-1A3956D46DE8}") = "AdHocs.Infrastructure.Data", "AdHocs.Infrastructure.Data", "{71580F4E-27D7-4F37-9207-C95534CFAB39}"
EndProject
Project("{2150E333-8FDC-42A3-9474-1A3956D46DE8}") = "Mongo", "Mongo", "{4C580E81-5247-4CA2-B17D-34EE63A44815}"
EndProject
Project("{2150E333-8FDC-42A3-9474-1A3956D46DE8}") = "SQL", "SQL", "{720D7A1E-296C-4F60-9448-2CF57EE023F1}"
EndProject
Project("{9A19103F-16F7-4668-BE54-9A1E7A4F7556}") = "Infrastructure.Mongo.Context", "Infrastructure\AdHocs.Infrastructure.Data\Mongo\Infrastructure.Mongo.Context\Infrastructure.Mongo.Context.csproj", "{D46C859A-607A-46A5-952C-970FABE57C12}"
EndProject
Project("{9A19103F-16F7-4668-BE54-9A1E7A4F7556}") = "Infrastructure.Mongo.DataAccess", "Infrastructure\AdHocs.Infrastructure.Data\Mongo\Infrastructure.Mongo.DataAccess\Infrastructure.Mongo.DataAccess.csproj", "{DE89682F-5AAD-46DC-B948-3DF2494125B6}"
EndProject
Project("{9A19103F-16F7-4668-BE54-9A1E7A4F7556}") = "Infrastructure.DataAccess", "Infrastructure\AdHocs.Infrastructure.Data\SQL\Infrastructure.DataAccess\Infrastructure.DataAccess.csproj", "{F53F0978-888D-44E8-9586-BA099DD56024}"
EndProject
Project("{9A19103F-16F7-4668-BE54-9A1E7A4F7556}") = "Infrastructure.EntityFramework", "Infrastructure\AdHocs.Infrastructure.Data\SQL\Infrastructure.EntityFramework\Infrastructure.EntityFramework.csproj", "{4706FBF6-3339-47C2-91B7-3C22B81FFB2D}"
EndProject
Project("{9A19103F-16F7-4668-BE54-9A1E7A4F7556}") = "AdHocs.ServiceUnity", "ServiceUnity\AdHocs.ServiceUnity\AdHocs.ServiceUnity.csproj", "{908A5798-1711-4B97-B79F-784F18562420}"
EndProject
Project("{2150E333-8FDC-42A3-9474-1A3956D46DE8}") = "Test", "Test", "{5DE356C9-0260-48DD-B767-49309D7B24D5}"
EndProject
Project("{2150E333-8FDC-42A3-9474-1A3956D46DE8}") = "API", "API", "{8B3B4ABD-CB8B-4582-A9AB-5E3B976B5AF9}"
EndProject
Project("{FAE04EC0-301F-11D3-BF4B-00C04F79EFBC}") = "AdHocs.Shared", "Shared\AdHocs.Shared\AdHocs.Shared.csproj", "{FA02BD45-BD9C-4B75-9962-9881E57E48B9}"
EndProject
Project("{FAE04EC0-301F-11D3-BF4B-00C04F79EFBC}") = "AdHocs.SharedApi", "Shared\AdHocs.SharedApi\AdHocs.SharedApi.csproj", "{D98B4002-56ED-4EFB-ABF7-1086A8665E70}"
EndProject
Project("{F2A71F9B-5D33-465A-A702-920D77279786}") = "AdHocs.WebAPI", "Presentation\Api\AdHocs.WebAPI\AdHocs.WebAPI.fsproj", "{26F8FB59-A2EF-4E0C-A7AF-7FBBCEC8ECD4}"
EndProject
Project("{2150E333-8FDC-42A3-9474-1A3956D46DE8}") = "Persistence", "Persistence", "{BA2F5159-6206-40A5-BDEF-98B2AD45C9B9}"
EndProject
Project("{FAE04EC0-301F-11D3-BF4B-00C04F79EFBC}") = "AdHocs.Persistence", "Persistence\AdHocs.Persistence\AdHocs.Persistence.csproj", "{67C0AD08-374C-49DB-89F4-878A3E3B42ED}"
EndProject
Global
	GlobalSection(SolutionConfigurationPlatforms) = preSolution
		Debug|Any CPU = Debug|Any CPU
		Release|Any CPU = Release|Any CPU
	EndGlobalSection
	GlobalSection(ProjectConfigurationPlatforms) = postSolution
		{82656782-6B1A-46C4-9DF3-E84076D51BBA}.Debug|Any CPU.ActiveCfg = Debug|Any CPU
		{82656782-6B1A-46C4-9DF3-E84076D51BBA}.Debug|Any CPU.Build.0 = Debug|Any CPU
		{82656782-6B1A-46C4-9DF3-E84076D51BBA}.Release|Any CPU.ActiveCfg = Release|Any CPU
		{82656782-6B1A-46C4-9DF3-E84076D51BBA}.Release|Any CPU.Build.0 = Release|Any CPU
		{F992345B-593D-44CB-8186-214C67E64630}.Debug|Any CPU.ActiveCfg = Debug|Any CPU
		{F992345B-593D-44CB-8186-214C67E64630}.Debug|Any CPU.Build.0 = Debug|Any CPU
		{F992345B-593D-44CB-8186-214C67E64630}.Release|Any CPU.ActiveCfg = Release|Any CPU
		{F992345B-593D-44CB-8186-214C67E64630}.Release|Any CPU.Build.0 = Release|Any CPU
		{283BC912-062F-4A00-AC21-F5B7DD62A7FE}.Debug|Any CPU.ActiveCfg = Debug|Any CPU
		{283BC912-062F-4A00-AC21-F5B7DD62A7FE}.Debug|Any CPU.Build.0 = Debug|Any CPU
		{283BC912-062F-4A00-AC21-F5B7DD62A7FE}.Release|Any CPU.ActiveCfg = Release|Any CPU
		{283BC912-062F-4A00-AC21-F5B7DD62A7FE}.Release|Any CPU.Build.0 = Release|Any CPU
		{D46C859A-607A-46A5-952C-970FABE57C12}.Debug|Any CPU.ActiveCfg = Debug|Any CPU
		{D46C859A-607A-46A5-952C-970FABE57C12}.Debug|Any CPU.Build.0 = Debug|Any CPU
		{D46C859A-607A-46A5-952C-970FABE57C12}.Release|Any CPU.ActiveCfg = Release|Any CPU
		{D46C859A-607A-46A5-952C-970FABE57C12}.Release|Any CPU.Build.0 = Release|Any CPU
		{DE89682F-5AAD-46DC-B948-3DF2494125B6}.Debug|Any CPU.ActiveCfg = Debug|Any CPU
		{DE89682F-5AAD-46DC-B948-3DF2494125B6}.Debug|Any CPU.Build.0 = Debug|Any CPU
		{DE89682F-5AAD-46DC-B948-3DF2494125B6}.Release|Any CPU.ActiveCfg = Release|Any CPU
		{DE89682F-5AAD-46DC-B948-3DF2494125B6}.Release|Any CPU.Build.0 = Release|Any CPU
		{F53F0978-888D-44E8-9586-BA099DD56024}.Debug|Any CPU.ActiveCfg = Debug|Any CPU
		{F53F0978-888D-44E8-9586-BA099DD56024}.Debug|Any CPU.Build.0 = Debug|Any CPU
		{F53F0978-888D-44E8-9586-BA099DD56024}.Release|Any CPU.ActiveCfg = Release|Any CPU
		{F53F0978-888D-44E8-9586-BA099DD56024}.Release|Any CPU.Build.0 = Release|Any CPU
		{4706FBF6-3339-47C2-91B7-3C22B81FFB2D}.Debug|Any CPU.ActiveCfg = Debug|Any CPU
		{4706FBF6-3339-47C2-91B7-3C22B81FFB2D}.Debug|Any CPU.Build.0 = Debug|Any CPU
		{4706FBF6-3339-47C2-91B7-3C22B81FFB2D}.Release|Any CPU.ActiveCfg = Release|Any CPU
		{4706FBF6-3339-47C2-91B7-3C22B81FFB2D}.Release|Any CPU.Build.0 = Release|Any CPU
		{908A5798-1711-4B97-B79F-784F18562420}.Debug|Any CPU.ActiveCfg = Debug|Any CPU
		{908A5798-1711-4B97-B79F-784F18562420}.Debug|Any CPU.Build.0 = Debug|Any CPU
		{908A5798-1711-4B97-B79F-784F18562420}.Release|Any CPU.ActiveCfg = Release|Any CPU
		{908A5798-1711-4B97-B79F-784F18562420}.Release|Any CPU.Build.0 = Release|Any CPU
		{FA02BD45-BD9C-4B75-9962-9881E57E48B9}.Debug|Any CPU.ActiveCfg = Debug|Any CPU
		{FA02BD45-BD9C-4B75-9962-9881E57E48B9}.Debug|Any CPU.Build.0 = Debug|Any CPU
		{FA02BD45-BD9C-4B75-9962-9881E57E48B9}.Release|Any CPU.ActiveCfg = Release|Any CPU
		{FA02BD45-BD9C-4B75-9962-9881E57E48B9}.Release|Any CPU.Build.0 = Release|Any CPU
		{D98B4002-56ED-4EFB-ABF7-1086A8665E70}.Debug|Any CPU.ActiveCfg = Debug|Any CPU
		{D98B4002-56ED-4EFB-ABF7-1086A8665E70}.Debug|Any CPU.Build.0 = Debug|Any CPU
		{D98B4002-56ED-4EFB-ABF7-1086A8665E70}.Release|Any CPU.ActiveCfg = Release|Any CPU
		{D98B4002-56ED-4EFB-ABF7-1086A8665E70}.Release|Any CPU.Build.0 = Release|Any CPU
		{26F8FB59-A2EF-4E0C-A7AF-7FBBCEC8ECD4}.Debug|Any CPU.ActiveCfg = Debug|Any CPU
		{26F8FB59-A2EF-4E0C-A7AF-7FBBCEC8ECD4}.Debug|Any CPU.Build.0 = Debug|Any CPU
		{26F8FB59-A2EF-4E0C-A7AF-7FBBCEC8ECD4}.Release|Any CPU.ActiveCfg = Release|Any CPU
		{26F8FB59-A2EF-4E0C-A7AF-7FBBCEC8ECD4}.Release|Any CPU.Build.0 = Release|Any CPU
		{67C0AD08-374C-49DB-89F4-878A3E3B42ED}.Debug|Any CPU.ActiveCfg = Debug|Any CPU
		{67C0AD08-374C-49DB-89F4-878A3E3B42ED}.Debug|Any CPU.Build.0 = Debug|Any CPU
		{67C0AD08-374C-49DB-89F4-878A3E3B42ED}.Release|Any CPU.ActiveCfg = Release|Any CPU
		{67C0AD08-374C-49DB-89F4-878A3E3B42ED}.Release|Any CPU.Build.0 = Release|Any CPU
	EndGlobalSection
	GlobalSection(SolutionProperties) = preSolution
		HideSolutionNode = FALSE
	EndGlobalSection
	GlobalSection(NestedProjects) = preSolution
		{82656782-6B1A-46C4-9DF3-E84076D51BBA} = {914ABF9A-959B-437F-B2C8-37409D5CEA1C}
		{F992345B-593D-44CB-8186-214C67E64630} = {914ABF9A-959B-437F-B2C8-37409D5CEA1C}
		{283BC912-062F-4A00-AC21-F5B7DD62A7FE} = {EF7C0CC1-41FA-4B64-83C2-9E2EBF90F05A}
		{71580F4E-27D7-4F37-9207-C95534CFAB39} = {6F453FF7-B077-4ED7-B076-81D53F5CC0B8}
		{4C580E81-5247-4CA2-B17D-34EE63A44815} = {71580F4E-27D7-4F37-9207-C95534CFAB39}
		{720D7A1E-296C-4F60-9448-2CF57EE023F1} = {71580F4E-27D7-4F37-9207-C95534CFAB39}
		{D46C859A-607A-46A5-952C-970FABE57C12} = {4C580E81-5247-4CA2-B17D-34EE63A44815}
		{DE89682F-5AAD-46DC-B948-3DF2494125B6} = {4C580E81-5247-4CA2-B17D-34EE63A44815}
		{F53F0978-888D-44E8-9586-BA099DD56024} = {720D7A1E-296C-4F60-9448-2CF57EE023F1}
		{4706FBF6-3339-47C2-91B7-3C22B81FFB2D} = {720D7A1E-296C-4F60-9448-2CF57EE023F1}
		{908A5798-1711-4B97-B79F-784F18562420} = {F090328D-0D5E-42DC-97B2-3469B0A37D3D}
		{8B3B4ABD-CB8B-4582-A9AB-5E3B976B5AF9} = {0702D7FB-DDB0-4D99-A750-65681E9B7B3E}
		{FA02BD45-BD9C-4B75-9962-9881E57E48B9} = {09562A42-2344-4FFC-99E6-B6903A005037}
		{D98B4002-56ED-4EFB-ABF7-1086A8665E70} = {09562A42-2344-4FFC-99E6-B6903A005037}
		{26F8FB59-A2EF-4E0C-A7AF-7FBBCEC8ECD4} = {8B3B4ABD-CB8B-4582-A9AB-5E3B976B5AF9}
		{67C0AD08-374C-49DB-89F4-878A3E3B42ED} = {BA2F5159-6206-40A5-BDEF-98B2AD45C9B9}
	EndGlobalSection
	GlobalSection(ExtensibilityGlobals) = postSolution
		SolutionGuid = {AE590319-A8D5-4AF7-B182-5D4EBB5B0784}
	EndGlobalSection
EndGlobal
